
Microsoft Visual Studio Solution File, Format Version 12.00
# Visual Studio Version 17
VisualStudioVersion = 17.0.31825.309
MinimumVisualStudioVersion = 10.0.40219.1
Project("{FAE04EC0-301F-11D3-BF4B-00C04F79EFBC}") = "JeuxDuPendu", "JeuxDuPendu\JeuxDuPendu.csproj", "{9C6018BB-39D7-4B66-9AA1-EA16B630862C}"
EndProject
Global
	GlobalSection(SolutionConfigurationPlatforms) = preSolution
		Debug|Any CPU = Debug|Any CPU
		Release|Any CPU = Release|Any CPU
	EndGlobalSection
	GlobalSection(ProjectConfigurationPlatforms) = postSolution
		{9C6018BB-39D7-4B66-9AA1-EA16B630862C}.Debug|Any CPU.ActiveCfg = Debug|Any CPU
		{9C6018BB-39D7-4B66-9AA1-EA16B630862C}.Debug|Any CPU.Build.0 = Debug|Any CPU
		{9C6018BB-39D7-4B66-9AA1-EA16B630862C}.Release|Any CPU.ActiveCfg = Release|Any CPU
		{9C6018BB-39D7-4B66-9AA1-EA16B630862C}.Release|Any CPU.Build.0 = Release|Any CPU
	EndGlobalSection
	GlobalSection(SolutionProperties) = preSolution
		HideSolutionNode = FALSE
	EndGlobalSection
	GlobalSection(ExtensibilityGlobals) = postSolution
		SolutionGuid = {3674EABA-C56C-425B-8B15-ABF7AD4D412D}
	EndGlobalSection
EndGlobal
